// !$*UTF8*$!
{
	archiveVersion = 1;
	classes = {
	};
	objectVersion = 46;
	objects = {

/* Begin PBXBuildFile section */
		648469041CB5F22B00D1EF92 /* Constant.swift in Sources */ = {isa = PBXBuildFile; fileRef = 648469031CB5F22B00D1EF92 /* Constant.swift */; };
		649FC6781CA3664A00C47939 /* AppDelegate.swift in Sources */ = {isa = PBXBuildFile; fileRef = 649FC6771CA3664A00C47939 /* AppDelegate.swift */; };
		649FC67A1CA3664A00C47939 /* ViewController.swift in Sources */ = {isa = PBXBuildFile; fileRef = 649FC6791CA3664A00C47939 /* ViewController.swift */; };
		649FC67D1CA3664A00C47939 /* Main.storyboard in Resources */ = {isa = PBXBuildFile; fileRef = 649FC67B1CA3664A00C47939 /* Main.storyboard */; };
		649FC67F1CA3664A00C47939 /* Assets.xcassets in Resources */ = {isa = PBXBuildFile; fileRef = 649FC67E1CA3664A00C47939 /* Assets.xcassets */; };
		649FC6821CA3664A00C47939 /* LaunchScreen.storyboard in Resources */ = {isa = PBXBuildFile; fileRef = 649FC6801CA3664A00C47939 /* LaunchScreen.storyboard */; };
		649FC68A1CA374C500C47939 /* pokemon.csv in Resources */ = {isa = PBXBuildFile; fileRef = 649FC6891CA374C500C47939 /* pokemon.csv */; };
		649FC68D1CA379BA00C47939 /* Pokemon.swift in Sources */ = {isa = PBXBuildFile; fileRef = 649FC68C1CA379BA00C47939 /* Pokemon.swift */; };
		649FC6901CA38AC800C47939 /* PokeCell.swift in Sources */ = {isa = PBXBuildFile; fileRef = 649FC68F1CA38AC800C47939 /* PokeCell.swift */; };
		64AF38171CB48C6900EFBB3F /* PokemonDetailVC.swift in Sources */ = {isa = PBXBuildFile; fileRef = 64AF38161CB48C6900EFBB3F /* PokemonDetailVC.swift */; };
		64D9BA041CACAA81005095F3 /* csv.swift in Sources */ = {isa = PBXBuildFile; fileRef = 64D9BA031CACAA81005095F3 /* csv.swift */; };
		64D9BA071CACB79A005095F3 /* pokemon.ttf in Resources */ = {isa = PBXBuildFile; fileRef = 64D9BA061CACB79A005095F3 /* pokemon.ttf */; };
		CCB5F5BE8BAF027759D71A70 /* Pods_Pokedex.framework in Frameworks */ = {isa = PBXBuildFile; fileRef = A008E22FB71322CBCA4ADAEE /* Pods_Pokedex.framework */; };
/* End PBXBuildFile section */

/* Begin PBXFileReference section */
		486D5DA4616C38956612618B /* Pods-Pokedex.debug.xcconfig */ = {isa = PBXFileReference; includeInIndex = 1; lastKnownFileType = text.xcconfig; name = "Pods-Pokedex.debug.xcconfig"; path = "Pods/Target Support Files/Pods-Pokedex/Pods-Pokedex.debug.xcconfig"; sourceTree = "<group>"; };
		648469031CB5F22B00D1EF92 /* Constant.swift */ = {isa = PBXFileReference; fileEncoding = 4; lastKnownFileType = sourcecode.swift; path = Constant.swift; sourceTree = "<group>"; };
		649FC6741CA3664A00C47939 /* Pokedex.app */ = {isa = PBXFileReference; explicitFileType = wrapper.application; includeInIndex = 0; path = Pokedex.app; sourceTree = BUILT_PRODUCTS_DIR; };
		649FC6771CA3664A00C47939 /* AppDelegate.swift */ = {isa = PBXFileReference; lastKnownFileType = sourcecode.swift; path = AppDelegate.swift; sourceTree = "<group>"; };
		649FC6791CA3664A00C47939 /* ViewController.swift */ = {isa = PBXFileReference; lastKnownFileType = sourcecode.swift; path = ViewController.swift; sourceTree = "<group>"; };
		649FC67C1CA3664A00C47939 /* Base */ = {isa = PBXFileReference; lastKnownFileType = file.storyboard; name = Base; path = Base.lproj/Main.storyboard; sourceTree = "<group>"; };
		649FC67E1CA3664A00C47939 /* Assets.xcassets */ = {isa = PBXFileReference; lastKnownFileType = folder.assetcatalog; path = Assets.xcassets; sourceTree = "<group>"; };
		649FC6811CA3664A00C47939 /* Base */ = {isa = PBXFileReference; lastKnownFileType = file.storyboard; name = Base; path = Base.lproj/LaunchScreen.storyboard; sourceTree = "<group>"; };
		649FC6831CA3664A00C47939 /* Info.plist */ = {isa = PBXFileReference; lastKnownFileType = text.plist.xml; path = Info.plist; sourceTree = "<group>"; };
		649FC6891CA374C500C47939 /* pokemon.csv */ = {isa = PBXFileReference; fileEncoding = 4; lastKnownFileType = text; path = pokemon.csv; sourceTree = "<group>"; };
		649FC68C1CA379BA00C47939 /* Pokemon.swift */ = {isa = PBXFileReference; fileEncoding = 4; lastKnownFileType = sourcecode.swift; path = Pokemon.swift; sourceTree = "<group>"; };
		649FC68F1CA38AC800C47939 /* PokeCell.swift */ = {isa = PBXFileReference; fileEncoding = 4; lastKnownFileType = sourcecode.swift; path = PokeCell.swift; sourceTree = "<group>"; };
		64AF38161CB48C6900EFBB3F /* PokemonDetailVC.swift */ = {isa = PBXFileReference; fileEncoding = 4; lastKnownFileType = sourcecode.swift; path = PokemonDetailVC.swift; sourceTree = "<group>"; };
		64D9BA031CACAA81005095F3 /* csv.swift */ = {isa = PBXFileReference; fileEncoding = 4; lastKnownFileType = sourcecode.swift; path = csv.swift; sourceTree = "<group>"; };
		64D9BA061CACB79A005095F3 /* pokemon.ttf */ = {isa = PBXFileReference; lastKnownFileType = file; path = pokemon.ttf; sourceTree = "<group>"; };
		A008E22FB71322CBCA4ADAEE /* Pods_Pokedex.framework */ = {isa = PBXFileReference; explicitFileType = wrapper.framework; includeInIndex = 0; path = Pods_Pokedex.framework; sourceTree = BUILT_PRODUCTS_DIR; };
		B0025DA35E3576BCC8D076C1 /* Pods-Pokedex.release.xcconfig */ = {isa = PBXFileReference; includeInIndex = 1; lastKnownFileType = text.xcconfig; name = "Pods-Pokedex.release.xcconfig"; path = "Pods/Target Support Files/Pods-Pokedex/Pods-Pokedex.release.xcconfig"; sourceTree = "<group>"; };
/* End PBXFileReference section */

/* Begin PBXFrameworksBuildPhase section */
		649FC6711CA3664A00C47939 /* Frameworks */ = {
			isa = PBXFrameworksBuildPhase;
			buildActionMask = 2147483647;
			files = (
				CCB5F5BE8BAF027759D71A70 /* Pods_Pokedex.framework in Frameworks */,
			);
			runOnlyForDeploymentPostprocessing = 0;
		};
/* End PBXFrameworksBuildPhase section */

/* Begin PBXGroup section */
		649FC66B1CA3664A00C47939 = {
			isa = PBXGroup;
			children = (
				649FC6761CA3664A00C47939 /* Pokedex */,
				649FC6751CA3664A00C47939 /* Products */,
				877F7BF54024694BC78AB581 /* Pods */,
				B46327D39420A99E55A9DCE0 /* Frameworks */,
			);
			sourceTree = "<group>";
		};
		649FC6751CA3664A00C47939 /* Products */ = {
			isa = PBXGroup;
			children = (
				649FC6741CA3664A00C47939 /* Pokedex.app */,
			);
			name = Products;
			sourceTree = "<group>";
		};
		649FC6761CA3664A00C47939 /* Pokedex */ = {
			isa = PBXGroup;
			children = (
				649FC68E1CA38A3900C47939 /* view */,
				649FC68B1CA3797500C47939 /* Model */,
				649FC6771CA3664A00C47939 /* AppDelegate.swift */,
				64D9BA031CACAA81005095F3 /* csv.swift */,
				649FC6791CA3664A00C47939 /* ViewController.swift */,
				649FC6891CA374C500C47939 /* pokemon.csv */,
				649FC67B1CA3664A00C47939 /* Main.storyboard */,
				649FC67E1CA3664A00C47939 /* Assets.xcassets */,
				649FC6801CA3664A00C47939 /* LaunchScreen.storyboard */,
				649FC6831CA3664A00C47939 /* Info.plist */,
				64AF38161CB48C6900EFBB3F /* PokemonDetailVC.swift */,
				648469031CB5F22B00D1EF92 /* Constant.swift */,
			);
			path = Pokedex;
			sourceTree = "<group>";
		};
		649FC68B1CA3797500C47939 /* Model */ = {
			isa = PBXGroup;
			children = (
				649FC68C1CA379BA00C47939 /* Pokemon.swift */,
				64D9BA061CACB79A005095F3 /* pokemon.ttf */,
			);
			name = Model;
			sourceTree = "<group>";
		};
		649FC68E1CA38A3900C47939 /* view */ = {
			isa = PBXGroup;
			children = (
				649FC68F1CA38AC800C47939 /* PokeCell.swift */,
			);
			name = view;
			sourceTree = "<group>";
		};
		877F7BF54024694BC78AB581 /* Pods */ = {
			isa = PBXGroup;
			children = (
				486D5DA4616C38956612618B /* Pods-Pokedex.debug.xcconfig */,
				B0025DA35E3576BCC8D076C1 /* Pods-Pokedex.release.xcconfig */,
			);
			name = Pods;
			sourceTree = "<group>";
		};
		B46327D39420A99E55A9DCE0 /* Frameworks */ = {
			isa = PBXGroup;
			children = (
				A008E22FB71322CBCA4ADAEE /* Pods_Pokedex.framework */,
			);
			name = Frameworks;
			sourceTree = "<group>";
		};
/* End PBXGroup section */

/* Begin PBXNativeTarget section */
		649FC6731CA3664A00C47939 /* Pokedex */ = {
			isa = PBXNativeTarget;
			buildConfigurationList = 649FC6861CA3664A00C47939 /* Build configuration list for PBXNativeTarget "Pokedex" */;
			buildPhases = (
				6C4F7FEE8810151DA4D65C5A /* Check Pods Manifest.lock */,
				649FC6701CA3664A00C47939 /* Sources */,
				649FC6711CA3664A00C47939 /* Frameworks */,
				649FC6721CA3664A00C47939 /* Resources */,
				D1BAC72A1192217F6270656C /* Embed Pods Frameworks */,
				C992DB77E1B65411EBA0F166 /* Copy Pods Resources */,
			);
			buildRules = (
			);
			dependencies = (
			);
			name = Pokedex;
			productName = Pokedex;
			productReference = 649FC6741CA3664A00C47939 /* Pokedex.app */;
			productType = "com.apple.product-type.application";
		};
/* End PBXNativeTarget section */

/* Begin PBXProject section */
		649FC66C1CA3664A00C47939 /* Project object */ = {
			isa = PBXProject;
			attributes = {
				LastSwiftUpdateCheck = 0720;
				LastUpgradeCheck = 0720;
				ORGANIZATIONNAME = "Abdullah A Mamun";
				TargetAttributes = {
					649FC6731CA3664A00C47939 = {
						CreatedOnToolsVersion = 7.2.1;
					};
				};
			};
			buildConfigurationList = 649FC66F1CA3664A00C47939 /* Build configuration list for PBXProject "Pokedex" */;
			compatibilityVersion = "Xcode 3.2";
			developmentRegion = English;
			hasScannedForEncodings = 0;
			knownRegions = (
				en,
				Base,
			);
			mainGroup = 649FC66B1CA3664A00C47939;
			productRefGroup = 649FC6751CA3664A00C47939 /* Products */;
			projectDirPath = "";
			projectRoot = "";
			targets = (
				649FC6731CA3664A00C47939 /* Pokedex */,
			);
		};
/* End PBXProject section */

/* Begin PBXResourcesBuildPhase section */
		649FC6721CA3664A00C47939 /* Resources */ = {
			isa = PBXResourcesBuildPhase;
			buildActionMask = 2147483647;
			files = (
				64D9BA071CACB79A005095F3 /* pokemon.ttf in Resources */,
				649FC6821CA3664A00C47939 /* LaunchScreen.storyboard in Resources */,
				649FC67F1CA3664A00C47939 /* Assets.xcassets in Resources */,
				649FC68A1CA374C500C47939 /* pokemon.csv in Resources */,
				649FC67D1CA3664A00C47939 /* Main.storyboard in Resources */,
			);
			runOnlyForDeploymentPostprocessing = 0;
		};
/* End PBXResourcesBuildPhase section */

/* Begin PBXShellScriptBuildPhase section */
		6C4F7FEE8810151DA4D65C5A /* Check Pods Manifest.lock */ = {
			isa = PBXShellScriptBuildPhase;
			buildActionMask = 2147483647;
			files = (
			);
			inputPaths = (
			);
			name = "Check Pods Manifest.lock";
			outputPaths = (
			);
			runOnlyForDeploymentPostprocessing = 0;
			shellPath = /bin/sh;
			shellScript = "diff \"${PODS_ROOT}/../Podfile.lock\" \"${PODS_ROOT}/Manifest.lock\" > /dev/null\nif [[ $? != 0 ]] ; then\n    cat << EOM\nerror: The sandbox is not in sync with the Podfile.lock. Run 'pod install' or update your CocoaPods installation.\nEOM\n    exit 1\nfi\n";
			showEnvVarsInLog = 0;
		};
		C992DB77E1B65411EBA0F166 /* Copy Pods Resources */ = {
			isa = PBXShellScriptBuildPhase;
			buildActionMask = 2147483647;
			files = (
			);
			inputPaths = (
			);
			name = "Copy Pods Resources";
			outputPaths = (
			);
			runOnlyForDeploymentPostprocessing = 0;
			shellPath = /bin/sh;
			shellScript = "\"${SRCROOT}/Pods/Target Support Files/Pods-Pokedex/Pods-Pokedex-resources.sh\"\n";
			showEnvVarsInLog = 0;
		};
		D1BAC72A1192217F6270656C /* Embed Pods Frameworks */ = {
			isa = PBXShellScriptBuildPhase;
			buildActionMask = 2147483647;
			files = (
			);
			inputPaths = (
			);
			name = "Embed Pods Frameworks";
			outputPaths = (
			);
			runOnlyForDeploymentPostprocessing = 0;
			shellPath = /bin/sh;
			shellScript = "\"${SRCROOT}/Pods/Target Support Files/Pods-Pokedex/Pods-Pokedex-frameworks.sh\"\n";
			showEnvVarsInLog = 0;
		};
/* End PBXShellScriptBuildPhase section */

/* Begin PBXSourcesBuildPhase section */
		649FC6701CA3664A00C47939 /* Sources */ = {
			isa = PBXSourcesBuildPhase;
			buildActionMask = 2147483647;
			files = (
				648469041CB5F22B00D1EF92 /* Constant.swift in Sources */,
				649FC6901CA38AC800C47939 /* PokeCell.swift in Sources */,
				649FC67A1CA3664A00C47939 /* ViewController.swift in Sources */,
				649FC6781CA3664A00C47939 /* AppDelegate.swift in Sources */,
				64AF38171CB48C6900EFBB3F /* PokemonDetailVC.swift in Sources */,
				649FC68D1CA379BA00C47939 /* Pokemon.swift in Sources */,
				64D9BA041CACAA81005095F3 /* csv.swift in Sources */,
			);
			runOnlyForDeploymentPostprocessing = 0;
		};
/* End PBXSourcesBuildPhase section */

/* Begin PBXVariantGroup section */
		649FC67B1CA3664A00C47939 /* Main.storyboard */ = {
			isa = PBXVariantGroup;
			children = (
				649FC67C1CA3664A00C47939 /* Base */,
			);
			name = Main.storyboard;
			sourceTree = "<group>";
		};
		649FC6801CA3664A00C47939 /* LaunchScreen.storyboard */ = {
			isa = PBXVariantGroup;
			children = (
				649FC6811CA3664A00C47939 /* Base */,
			);
			name = LaunchScreen.storyboard;
			sourceTree = "<group>";
		};
/* End PBXVariantGroup section */

/* Begin XCBuildConfiguration section */
		649FC6841CA3664A00C47939 /* Debug */ = {
			isa = XCBuildConfiguration;
			buildSettings = {
				ALWAYS_SEARCH_USER_PATHS = NO;
				CLANG_CXX_LANGUAGE_STANDARD = "gnu++0x";
				CLANG_CXX_LIBRARY = "libc++";
				CLANG_ENABLE_MODULES = YES;
				CLANG_ENABLE_OBJC_ARC = YES;
				CLANG_WARN_BOOL_CONVERSION = YES;
				CLANG_WARN_CONSTANT_CONVERSION = YES;
				CLANG_WARN_DIRECT_OBJC_ISA_USAGE = YES_ERROR;
				CLANG_WARN_EMPTY_BODY = YES;
				CLANG_WARN_ENUM_CONVERSION = YES;
				CLANG_WARN_INT_CONVERSION = YES;
				CLANG_WARN_OBJC_ROOT_CLASS = YES_ERROR;
				CLANG_WARN_UNREACHABLE_CODE = YES;
				CLANG_WARN__DUPLICATE_METHOD_MATCH = YES;
				"CODE_SIGN_IDENTITY[sdk=iphoneos*]" = "iPhone Developer";
				COPY_PHASE_STRIP = NO;
				DEBUG_INFORMATION_FORMAT = dwarf;
				ENABLE_STRICT_OBJC_MSGSEND = YES;
				ENABLE_TESTABILITY = YES;
				GCC_C_LANGUAGE_STANDARD = gnu99;
				GCC_DYNAMIC_NO_PIC = NO;
				GCC_NO_COMMON_BLOCKS = YES;
				GCC_OPTIMIZATION_LEVEL = 0;
				GCC_PREPROCESSOR_DEFINITIONS = (
					"DEBUG=1",
					"$(inherited)",
				);
				GCC_WARN_64_TO_32_BIT_CONVERSION = YES;
				GCC_WARN_ABOUT_RETURN_TYPE = YES_ERROR;
				GCC_WARN_UNDECLARED_SELECTOR = YES;
				GCC_WARN_UNINITIALIZED_AUTOS = YES_AGGRESSIVE;
				GCC_WARN_UNUSED_FUNCTION = YES;
				GCC_WARN_UNUSED_VARIABLE = YES;
				IPHONEOS_DEPLOYMENT_TARGET = 9.2;
				MTL_ENABLE_DEBUG_INFO = YES;
				ONLY_ACTIVE_ARCH = YES;
				SDKROOT = iphoneos;
				SWIFT_OPTIMIZATION_LEVEL = "-Onone";
				TARGETED_DEVICE_FAMILY = "1,2";
			};
			name = Debug;
		};
		649FC6851CA3664A00C47939 /* Release */ = {
			isa = XCBuildConfiguration;
			buildSettings = {
				ALWAYS_SEARCH_USER_PATHS = NO;
				CLANG_CXX_LANGUAGE_STANDARD = "gnu++0x";
				CLANG_CXX_LIBRARY = "libc++";
				CLANG_ENABLE_MODULES = YES;
				CLANG_ENABLE_OBJC_ARC = YES;
				CLANG_WARN_BOOL_CONVERSION = YES;
				CLANG_WARN_CONSTANT_CONVERSION = YES;
				CLANG_WARN_DIRECT_OBJC_ISA_USAGE = YES_ERROR;
				CLANG_WARN_EMPTY_BODY = YES;
				CLANG_WARN_ENUM_CONVERSION = YES;
				CLANG_WARN_INT_CONVERSION = YES;
				CLANG_WARN_OBJC_ROOT_CLASS = YES_ERROR;
				CLANG_WARN_UNREACHABLE_CODE = YES;
				CLANG_WARN__DUPLICATE_METHOD_MATCH = YES;
				"CODE_SIGN_IDENTITY[sdk=iphoneos*]" = "iPhone Developer";
				COPY_PHASE_STRIP = NO;
				DEBUG_INFORMATION_FORMAT = "dwarf-with-dsym";
				ENABLE_NS_ASSERTIONS = NO;
				ENABLE_STRICT_OBJC_MSGSEND = YES;
				GCC_C_LANGUAGE_STANDARD = gnu99;
				GCC_NO_COMMON_BLOCKS = YES;
				GCC_WARN_64_TO_32_BIT_CONVERSION = YES;
				GCC_WARN_ABOUT_RETURN_TYPE = YES_ERROR;
				GCC_WARN_UNDECLARED_SELECTOR = YES;
				GCC_WARN_UNINITIALIZED_AUTOS = YES_AGGRESSIVE;
				GCC_WARN_UNUSED_FUNCTION = YES;
				GCC_WARN_UNUSED_VARIABLE = YES;
				IPHONEOS_DEPLOYMENT_TARGET = 9.2;
				MTL_ENABLE_DEBUG_INFO = NO;
				SDKROOT = iphoneos;
				TARGETED_DEVICE_FAMILY = "1,2";
				VALIDATE_PRODUCT = YES;
			};
			name = Release;
		};
		649FC6871CA3664A00C47939 /* Debug */ = {
			isa = XCBuildConfiguration;
			baseConfigurationReference = 486D5DA4616C38956612618B /* Pods-Pokedex.debug.xcconfig */;
			buildSettings = {
				ASSETCATALOG_COMPILER_APPICON_NAME = AppIcon;
				INFOPLIST_FILE = Pokedex/Info.plist;
				LD_RUNPATH_SEARCH_PATHS = "$(inherited) @executable_path/Frameworks";
				PRODUCT_BUNDLE_IDENTIFIER = myApp.Pokedex;
				PRODUCT_NAME = "$(TARGET_NAME)";
			};
			name = Debug;
		};
		649FC6881CA3664A00C47939 /* Release */ = {
			isa = XCBuildConfiguration;
			baseConfigurationReference = B0025DA35E3576BCC8D076C1 /* Pods-Pokedex.release.xcconfig */;
			buildSettings = {
				ASSETCATALOG_COMPILER_APPICON_NAME = AppIcon;
				INFOPLIST_FILE = Pokedex/Info.plist;
				LD_RUNPATH_SEARCH_PATHS = "$(inherited) @executable_path/Frameworks";
				PRODUCT_BUNDLE_IDENTIFIER = myApp.Pokedex;
				PRODUCT_NAME = "$(TARGET_NAME)";
			};
			name = Release;
		};
/* End XCBuildConfiguration section */

/* Begin XCConfigurationList section */
		649FC66F1CA3664A00C47939 /* Build configuration list for PBXProject "Pokedex" */ = {
			isa = XCConfigurationList;
			buildConfigurations = (
				649FC6841CA3664A00C47939 /* Debug */,
				649FC6851CA3664A00C47939 /* Release */,
			);
			defaultConfigurationIsVisible = 0;
			defaultConfigurationName = Release;
		};
		649FC6861CA3664A00C47939 /* Build configuration list for PBXNativeTarget "Pokedex" */ = {
			isa = XCConfigurationList;
			buildConfigurations = (
				649FC6871CA3664A00C47939 /* Debug */,
				649FC6881CA3664A00C47939 /* Release */,
			);
			defaultConfigurationIsVisible = 0;
			defaultConfigurationName = Release;
		};
/* End XCConfigurationList section */
	};
	rootObject = 649FC66C1CA3664A00C47939 /* Project object */;
}
